PODS:
  - AFNetworking (3.1.0):
    - AFNetworking/NSURLSession (= 3.1.0)
    - AFNetworking/Reachability (= 3.1.0)
    - AFNetworking/Security (= 3.1.0)
    - AFNetworking/Serialization (= 3.1.0)
    - AFNetworking/UIKit (= 3.1.0)
  - AFNetworking/NSURLSession (3.1.0):
    - AFNetworking/Reachability
    - AFNetworking/Security
    - AFNetworking/Serialization
  - AFNetworking/Reachability (3.1.0)
  - AFNetworking/Security (3.1.0)
  - AFNetworking/Serialization (3.1.0)
  - AFNetworking/UIKit (3.1.0):
    - AFNetworking/NSURLSession
  - CocoaAsyncSocket (7.6.0)
  - DateTools (2.0.0)
  - FMDB (2.6.2):
    - FMDB/standard (= 2.6.2)
  - FMDB/standard (2.6.2)
  - FMDBMigrationManager (1.4.1):
    - FMDBMigrationManager/System (= 1.4.1)
  - FMDBMigrationManager/System (1.4.1):
    - FMDB/standard (>= 2.3)
  - HappyDNS (0.3.10)
  - M80AttributedLabel (1.6.3)
  - Mantle (2.1.0):
    - Mantle/extobjc (= 2.1.0)
  - Mantle/extobjc (2.1.0)
  - MTLFMDBAdapter (0.3.2):
    - FMDB (~> 2.3)
    - Mantle (~> 2.0)
  - Protobuf (3.2.1)
  - Qiniu (7.1.5):
    - AFNetworking (~> 3)
    - HappyDNS (~> 0.3)
  - ReactiveObjC (1.0.2)
  - SDAutoLayout (2.1.8)
  - SVProgressHUD (2.1.2)
  - TZImagePickerController (1.7.9)
  - UICKeyChainStore (2.1.1)
  - YYCache (1.0.4)
  - YYImage (1.0.4):
    - YYImage/Core (= 1.0.4)
  - YYImage/Core (1.0.4)
  - YYWebImage (1.0.5):
    - YYCache
    - YYImage

DEPENDENCIES:
  - AFNetworking (~> 3.1.0)
  - CocoaAsyncSocket (~> 7.6.0)
  - DateTools (~> 2.0.0)
  - FMDB (~> 2.6.2)
  - FMDBMigrationManager (~> 1.4.1)
  - M80AttributedLabel
  - Mantle (~> 2.1.0)
  - MTLFMDBAdapter (~> 0.3.2)
  - Protobuf (~> 3.2.0)
  - Qiniu (~> 7.1.5)
  - ReactiveObjC (~> 1.0.1)
  - SDAutoLayout (~> 2.1.7)
  - SVProgressHUD
  - TZImagePickerController
  - UICKeyChainStore (~> 2.1.1)
  - YYWebImage (~> 1.0.5)

SPEC CHECKSUMS:
  AFNetworking: 5e0e199f73d8626b11e79750991f5d173d1f8b67
  CocoaAsyncSocket: b9d5589f07baf9de8f34cc25abd4fcba28f13805
  DateTools: 933ac9c490f21f92127cf690ccd8c397e0126caf
  FMDB: 854a0341b4726e53276f2a8996f06f1b80f9259a
  FMDBMigrationManager: d52007f328ea0665e8985ca8a33500707aef084f
  HappyDNS: 06a9fed2796663fd87626dbf02552933265bf059
  M80AttributedLabel: d06543195d3e451d2ea62ad76d04aa9cea7661d4
  Mantle: 2fa750afa478cd625a94230fbf1c13462f29395b
  MTLFMDBAdapter: 052190e3e25d35adc56a6cf74f88d648c8ad2615
  Protobuf: 2ccbaf193f6c65adc67745453ca0c13234c32796
  Qiniu: 77a3dba411556a383d72d17e842345a9d4c83252
  ReactiveObjC: 58e8dd8d5ccea31d11106c46a4755d9ce9c51aac
  SDAutoLayout: 5a4b48d6b8a5172ae8d088d2879e40dd795e6251
  SVProgressHUD: c404a55d78acbeb7ebb78b76d3faf986475a6994
  TZImagePickerController: 0a8ff228d287ebdd7d485e8c42a2a932894f1fba
  UICKeyChainStore: 239558492fa260531a0774cfc611ea83a6eaff3a
  YYCache: 8105b6638f5e849296c71f331ff83891a4942952
  YYImage: 1e1b62a9997399593e4b9c4ecfbbabbf1d3f3b54
  YYWebImage: 5f7f36aee2ae293f016d418c7d6ba05c4863e928

PODFILE CHECKSUM: 91673ecc38d965200eca83a3a3c3fa3e4cb72cad

COCOAPODS: 1.2.0.beta.3
